
Microsoft Visual Studio Solution File, Format Version 12.00
# Visual Studio Version 16
VisualStudioVersion = 16.0.30907.101
MinimumVisualStudioVersion = 10.0.40219.1
Project("{9A19103F-16F7-4668-BE54-9A1E7A4F7556}") = "chatbot", "chatbot\chatbot.csproj", "{9BDB8C8A-4602-47A0-A979-EEFFEA0E2C9F}"
EndProject
Project("{9A19103F-16F7-4668-BE54-9A1E7A4F7556}") = "chatbotML.Model", "chatbotML.Model\chatbotML.Model.csproj", "{C55FB4CA-282D-4B86-9173-D5DA075B3D71}"
EndProject
Project("{9A19103F-16F7-4668-BE54-9A1E7A4F7556}") = "chatbotML.ConsoleApp", "chatbotML.ConsoleApp\chatbotML.ConsoleApp.csproj", "{C4404310-06E2-43EC-AA76-73603F568597}"
EndProject
Global
	GlobalSection(SolutionConfigurationPlatforms) = preSolution
		Debug|Any CPU = Debug|Any CPU
		Release|Any CPU = Release|Any CPU
	EndGlobalSection
	GlobalSection(ProjectConfigurationPlatforms) = postSolution
		{9BDB8C8A-4602-47A0-A979-EEFFEA0E2C9F}.Debug|Any CPU.ActiveCfg = Debug|Any CPU
		{9BDB8C8A-4602-47A0-A979-EEFFEA0E2C9F}.Debug|Any CPU.Build.0 = Debug|Any CPU
		{9BDB8C8A-4602-47A0-A979-EEFFEA0E2C9F}.Release|Any CPU.ActiveCfg = Release|Any CPU
		{9BDB8C8A-4602-47A0-A979-EEFFEA0E2C9F}.Release|Any CPU.Build.0 = Release|Any CPU
		{C55FB4CA-282D-4B86-9173-D5DA075B3D71}.Debug|Any CPU.ActiveCfg = Debug|Any CPU
		{C55FB4CA-282D-4B86-9173-D5DA075B3D71}.Debug|Any CPU.Build.0 = Debug|Any CPU
		{C55FB4CA-282D-4B86-9173-D5DA075B3D71}.Release|Any CPU.ActiveCfg = Release|Any CPU
		{C55FB4CA-282D-4B86-9173-D5DA075B3D71}.Release|Any CPU.Build.0 = Release|Any CPU
		{C4404310-06E2-43EC-AA76-73603F568597}.Debug|Any CPU.ActiveCfg = Debug|Any CPU
		{C4404310-06E2-43EC-AA76-73603F568597}.Debug|Any CPU.Build.0 = Debug|Any CPU
		{C4404310-06E2-43EC-AA76-73603F568597}.Release|Any CPU.ActiveCfg = Release|Any CPU
		{C4404310-06E2-43EC-AA76-73603F568597}.Release|Any CPU.Build.0 = Release|Any CPU
	EndGlobalSection
	GlobalSection(SolutionProperties) = preSolution
		HideSolutionNode = FALSE
	EndGlobalSection
	GlobalSection(ExtensibilityGlobals) = postSolution
		SolutionGuid = {64F7BBB0-6D8B-45DE-B44B-362BEF3A863D}
	EndGlobalSection
EndGlobal
